
Microsoft Visual Studio Solution File, Format Version 12.00
# Visual Studio 15
VisualStudioVersion = 15.0.26124.0
MinimumVisualStudioVersion = 15.0.26124.0
Project("{FAE04EC0-301F-11D3-BF4B-00C04F79EFBC}") = "API", "API\API.csproj", "{45819473-FDF5-4AAF-90F9-23D54B92773A}"
EndProject
Project("{FAE04EC0-301F-11D3-BF4B-00C04F79EFBC}") = "Application", "Application\Application.csproj", "{6E11723D-98CB-4B10-A8E7-61E25A554B98}"
EndProject
Project("{FAE04EC0-301F-11D3-BF4B-00C04F79EFBC}") = "Persistence", "Persistence\Persistence.csproj", "{D4630551-903A-49ED-82BD-92E3A49A992E}"
EndProject
Project("{FAE04EC0-301F-11D3-BF4B-00C04F79EFBC}") = "Domain", "Domain\Domain.csproj", "{CCE45544-B21B-4685-95DC-18C935E226D4}"
EndProject
Global
	GlobalSection(SolutionConfigurationPlatforms) = preSolution
		Debug|Any CPU = Debug|Any CPU
		Debug|x64 = Debug|x64
		Debug|x86 = Debug|x86
		Release|Any CPU = Release|Any CPU
		Release|x64 = Release|x64
		Release|x86 = Release|x86
	EndGlobalSection
	GlobalSection(SolutionProperties) = preSolution
		HideSolutionNode = FALSE
	EndGlobalSection
	GlobalSection(ProjectConfigurationPlatforms) = postSolution
		{45819473-FDF5-4AAF-90F9-23D54B92773A}.Debug|Any CPU.ActiveCfg = Debug|Any CPU
		{45819473-FDF5-4AAF-90F9-23D54B92773A}.Debug|Any CPU.Build.0 = Debug|Any CPU
		{45819473-FDF5-4AAF-90F9-23D54B92773A}.Debug|x64.ActiveCfg = Debug|Any CPU
		{45819473-FDF5-4AAF-90F9-23D54B92773A}.Debug|x64.Build.0 = Debug|Any CPU
		{45819473-FDF5-4AAF-90F9-23D54B92773A}.Debug|x86.ActiveCfg = Debug|Any CPU
		{45819473-FDF5-4AAF-90F9-23D54B92773A}.Debug|x86.Build.0 = Debug|Any CPU
		{45819473-FDF5-4AAF-90F9-23D54B92773A}.Release|Any CPU.ActiveCfg = Release|Any CPU
		{45819473-FDF5-4AAF-90F9-23D54B92773A}.Release|Any CPU.Build.0 = Release|Any CPU
		{45819473-FDF5-4AAF-90F9-23D54B92773A}.Release|x64.ActiveCfg = Release|Any CPU
		{45819473-FDF5-4AAF-90F9-23D54B92773A}.Release|x64.Build.0 = Release|Any CPU
		{45819473-FDF5-4AAF-90F9-23D54B92773A}.Release|x86.ActiveCfg = Release|Any CPU
		{45819473-FDF5-4AAF-90F9-23D54B92773A}.Release|x86.Build.0 = Release|Any CPU
		{6E11723D-98CB-4B10-A8E7-61E25A554B98}.Debug|Any CPU.ActiveCfg = Debug|Any CPU
		{6E11723D-98CB-4B10-A8E7-61E25A554B98}.Debug|Any CPU.Build.0 = Debug|Any CPU
		{6E11723D-98CB-4B10-A8E7-61E25A554B98}.Debug|x64.ActiveCfg = Debug|Any CPU
		{6E11723D-98CB-4B10-A8E7-61E25A554B98}.Debug|x64.Build.0 = Debug|Any CPU
		{6E11723D-98CB-4B10-A8E7-61E25A554B98}.Debug|x86.ActiveCfg = Debug|Any CPU
		{6E11723D-98CB-4B10-A8E7-61E25A554B98}.Debug|x86.Build.0 = Debug|Any CPU
		{6E11723D-98CB-4B10-A8E7-61E25A554B98}.Release|Any CPU.ActiveCfg = Release|Any CPU
		{6E11723D-98CB-4B10-A8E7-61E25A554B98}.Release|Any CPU.Build.0 = Release|Any CPU
		{6E11723D-98CB-4B10-A8E7-61E25A554B98}.Release|x64.ActiveCfg = Release|Any CPU
		{6E11723D-98CB-4B10-A8E7-61E25A554B98}.Release|x64.Build.0 = Release|Any CPU
		{6E11723D-98CB-4B10-A8E7-61E25A554B98}.Release|x86.ActiveCfg = Release|Any CPU
		{6E11723D-98CB-4B10-A8E7-61E25A554B98}.Release|x86.Build.0 = Release|Any CPU
		{D4630551-903A-49ED-82BD-92E3A49A992E}.Debug|Any CPU.ActiveCfg = Debug|Any CPU
		{D4630551-903A-49ED-82BD-92E3A49A992E}.Debug|Any CPU.Build.0 = Debug|Any CPU
		{D4630551-903A-49ED-82BD-92E3A49A992E}.Debug|x64.ActiveCfg = Debug|Any CPU
		{D4630551-903A-49ED-82BD-92E3A49A992E}.Debug|x64.Build.0 = Debug|Any CPU
		{D4630551-903A-49ED-82BD-92E3A49A992E}.Debug|x86.ActiveCfg = Debug|Any CPU
		{D4630551-903A-49ED-82BD-92E3A49A992E}.Debug|x86.Build.0 = Debug|Any CPU
		{D4630551-903A-49ED-82BD-92E3A49A992E}.Release|Any CPU.ActiveCfg = Release|Any CPU
		{D4630551-903A-49ED-82BD-92E3A49A992E}.Release|Any CPU.Build.0 = Release|Any CPU
		{D4630551-903A-49ED-82BD-92E3A49A992E}.Release|x64.ActiveCfg = Release|Any CPU
		{D4630551-903A-49ED-82BD-92E3A49A992E}.Release|x64.Build.0 = Release|Any CPU
		{D4630551-903A-49ED-82BD-92E3A49A992E}.Release|x86.ActiveCfg = Release|Any CPU
		{D4630551-903A-49ED-82BD-92E3A49A992E}.Release|x86.Build.0 = Release|Any CPU
		{CCE45544-B21B-4685-95DC-18C935E226D4}.Debug|Any CPU.ActiveCfg = Debug|Any CPU
		{CCE45544-B21B-4685-95DC-18C935E226D4}.Debug|Any CPU.Build.0 = Debug|Any CPU
		{CCE45544-B21B-4685-95DC-18C935E226D4}.Debug|x64.ActiveCfg = Debug|Any CPU
		{CCE45544-B21B-4685-95DC-18C935E226D4}.Debug|x64.Build.0 = Debug|Any CPU
		{CCE45544-B21B-4685-95DC-18C935E226D4}.Debug|x86.ActiveCfg = Debug|Any CPU
		{CCE45544-B21B-4685-95DC-18C935E226D4}.Debug|x86.Build.0 = Debug|Any CPU
		{CCE45544-B21B-4685-95DC-18C935E226D4}.Release|Any CPU.ActiveCfg = Release|Any CPU
		{CCE45544-B21B-4685-95DC-18C935E226D4}.Release|Any CPU.Build.0 = Release|Any CPU
		{CCE45544-B21B-4685-95DC-18C935E226D4}.Release|x64.ActiveCfg = Release|Any CPU
		{CCE45544-B21B-4685-95DC-18C935E226D4}.Release|x64.Build.0 = Release|Any CPU
		{CCE45544-B21B-4685-95DC-18C935E226D4}.Release|x86.ActiveCfg = Release|Any CPU
		{CCE45544-B21B-4685-95DC-18C935E226D4}.Release|x86.Build.0 = Release|Any CPU
	EndGlobalSection
EndGlobal
